// !$*UTF8*$!
{
	archiveVersion = 1;
	classes = {
	};
	objectVersion = 52;
	objects = {

/* Begin PBXBuildFile section */
		2F1052BC26ED512F00E8A74E /* ProfileNavigationController.swift in Sources */ = {isa = PBXBuildFile; fileRef = 2F1052BB26ED512F00E8A74E /* ProfileNavigationController.swift */; };
		841DF34C28D3A69A00AFB6F2 /* UIFont_.swift in Sources */ = {isa = PBXBuildFile; fileRef = 841DF34B28D3A69A00AFB6F2 /* UIFont_.swift */; };
		8422FCA0259EA7FA00B3AE1F /* Cache in Frameworks */ = {isa = PBXBuildFile; productRef = 8422FC9F259EA7FA00B3AE1F /* Cache */; };
		8422FCA8259F16CF00B3AE1F /* Cache.swift in Sources */ = {isa = PBXBuildFile; fileRef = 8422FCA7259F16CF00B3AE1F /* Cache.swift */; };
		844609C825943B2A00297198 /* FeaturedMovieView.swift in Sources */ = {isa = PBXBuildFile; fileRef = 844609C725943B2A00297198 /* FeaturedMovieView.swift */; };
		8450052F2593D43700ABEFA7 /* NowPlayingMovies.swift in Sources */ = {isa = PBXBuildFile; fileRef = 8450052E2593D43700ABEFA7 /* NowPlayingMovies.swift */; };
		845005342593DB2000ABEFA7 /* UpcomingMovies.swift in Sources */ = {isa = PBXBuildFile; fileRef = 845005332593DB2000ABEFA7 /* UpcomingMovies.swift */; };
		845BB6CD259854AC00BE84A9 /* Credits.swift in Sources */ = {isa = PBXBuildFile; fileRef = 845BB6CC259854AC00BE84A9 /* Credits.swift */; };
		845BB6D2259854B800BE84A9 /* Cast.swift in Sources */ = {isa = PBXBuildFile; fileRef = 845BB6D1259854B800BE84A9 /* Cast.swift */; };
		846749FA25933F0700C15CDE /* Color+.swift in Sources */ = {isa = PBXBuildFile; fileRef = 846749F925933F0700C15CDE /* Color+.swift */; };
		847209F22599939600A32017 /* MovieDetailViewController.swift in Sources */ = {isa = PBXBuildFile; fileRef = 847209F12599939600A32017 /* MovieDetailViewController.swift */; };
		847209FA2599A0D500A32017 /* BrowseNavigationController.swift in Sources */ = {isa = PBXBuildFile; fileRef = 847209F92599A0D500A32017 /* BrowseNavigationController.swift */; };
		847D7D8728D1831E00A53563 /* UIViewController+.swift in Sources */ = {isa = PBXBuildFile; fileRef = 847D7D8628D1831E00A53563 /* UIViewController+.swift */; };
		847D7D8A28D2402400A53563 /* Profile.swift in Sources */ = {isa = PBXBuildFile; fileRef = 847D7D8928D2402400A53563 /* Profile.swift */; };
		848AD1C02593014A0082FED5 /* Nuke in Frameworks */ = {isa = PBXBuildFile; productRef = 848AD1BF2593014A0082FED5 /* Nuke */; };
		848AD1C5259303D20082FED5 /* PosterIconView.swift in Sources */ = {isa = PBXBuildFile; fileRef = 848AD1C4259303D20082FED5 /* PosterIconView.swift */; };
		848AD1CE25932BA00082FED5 /* PosterIconCollectionView.swift in Sources */ = {isa = PBXBuildFile; fileRef = 848AD1CD25932BA00082FED5 /* PosterIconCollectionView.swift */; };
		84993AE62592A0E600EFD094 /* AppDelegate.swift in Sources */ = {isa = PBXBuildFile; fileRef = 84993AE52592A0E600EFD094 /* AppDelegate.swift */; };
		84993AE82592A0E600EFD094 /* SceneDelegate.swift in Sources */ = {isa = PBXBuildFile; fileRef = 84993AE72592A0E600EFD094 /* SceneDelegate.swift */; };
		84993AEA2592A0E600EFD094 /* BrowseViewController.swift in Sources */ = {isa = PBXBuildFile; fileRef = 84993AE92592A0E600EFD094 /* BrowseViewController.swift */; };
		84993AEF2592A0E700EFD094 /* Assets.xcassets in Resources */ = {isa = PBXBuildFile; fileRef = 84993AEE2592A0E700EFD094 /* Assets.xcassets */; };
		84993AF22592A0E700EFD094 /* LaunchScreen.storyboard in Resources */ = {isa = PBXBuildFile; fileRef = 84993AF02592A0E700EFD094 /* LaunchScreen.storyboard */; };
		84993AFD2592A0E700EFD094 /* MovieCollectorTests.swift in Sources */ = {isa = PBXBuildFile; fileRef = 84993AFC2592A0E700EFD094 /* MovieCollectorTests.swift */; };
		84993B082592A0E700EFD094 /* MovieCollectorUITests.swift in Sources */ = {isa = PBXBuildFile; fileRef = 84993B072592A0E700EFD094 /* MovieCollectorUITests.swift */; };
		84993B1C2592A1EF00EFD094 /* TabBarViewController.swift in Sources */ = {isa = PBXBuildFile; fileRef = 84993B1B2592A1EF00EFD094 /* TabBarViewController.swift */; };
		84993B242592A39800EFD094 /* SearchViewController.swift in Sources */ = {isa = PBXBuildFile; fileRef = 84993B232592A39800EFD094 /* SearchViewController.swift */; };
		84993B292592A3A700EFD094 /* ProfileViewController.swift in Sources */ = {isa = PBXBuildFile; fileRef = 84993B282592A3A700EFD094 /* ProfileViewController.swift */; };
		84993B332592A89F00EFD094 /* Secrets.swift in Sources */ = {isa = PBXBuildFile; fileRef = 84993B322592A89F00EFD094 /* Secrets.swift */; };
		84993B382592AAF000EFD094 /* APIConnect.swift in Sources */ = {isa = PBXBuildFile; fileRef = 84993B372592AAF000EFD094 /* APIConnect.swift */; };
		84993B402592B09A00EFD094 /* Movie.swift in Sources */ = {isa = PBXBuildFile; fileRef = 84993B3F2592B09A00EFD094 /* Movie.swift */; };
		84993B452592B09F00EFD094 /* PopularMovieResults.swift in Sources */ = {isa = PBXBuildFile; fileRef = 84993B442592B09F00EFD094 /* PopularMovieResults.swift */; };
		84993B542592B34900EFD094 /* JSDecoder+.swift in Sources */ = {isa = PBXBuildFile; fileRef = 84993B532592B34900EFD094 /* JSDecoder+.swift */; };
		84AD3C8D2598576F00642DEC /* Crew.swift in Sources */ = {isa = PBXBuildFile; fileRef = 84AD3C8C2598576F00642DEC /* Crew.swift */; };
		84BD862D26DEA5EB00D49672 /* GoogleService-Info.plist in Resources */ = {isa = PBXBuildFile; fileRef = 84BD862C26DEA5EB00D49672 /* GoogleService-Info.plist */; };
		84BD863226E3652400D49672 /* FirebaseAuth in Frameworks */ = {isa = PBXBuildFile; productRef = 84BD863126E3652400D49672 /* FirebaseAuth */; };
		84BD863426E3652400D49672 /* FirebaseDatabase in Frameworks */ = {isa = PBXBuildFile; productRef = 84BD863326E3652400D49672 /* FirebaseDatabase */; };
		84BD863626E3652400D49672 /* FirebaseFirestore in Frameworks */ = {isa = PBXBuildFile; productRef = 84BD863526E3652400D49672 /* FirebaseFirestore */; };
		84DB1DB628C963160049DBBB /* LoginViewController.swift in Sources */ = {isa = PBXBuildFile; fileRef = 84DB1DB528C963160049DBBB /* LoginViewController.swift */; };
		84E0683D282F79BC00350A7C /* TV.swift in Sources */ = {isa = PBXBuildFile; fileRef = 84E0683C282F79BC00350A7C /* TV.swift */; };
		84E06843282F86A500350A7C /* Production.swift in Sources */ = {isa = PBXBuildFile; fileRef = 84E06842282F86A500350A7C /* Production.swift */; };
		84E2E1BA259C4A4C00441A1E /* MoreDetailTextViewController.swift in Sources */ = {isa = PBXBuildFile; fileRef = 84E2E1B9259C4A4C00441A1E /* MoreDetailTextViewController.swift */; };
		84EF312F28CBA5FE0086356E /* SignUpFlowNavController.swift in Sources */ = {isa = PBXBuildFile; fileRef = 84EF312E28CBA5FE0086356E /* SignUpFlowNavController.swift */; };
		84EF313128CBCF620086356E /* SignUpFieldsViewController.swift in Sources */ = {isa = PBXBuildFile; fileRef = 84EF313028CBCF620086356E /* SignUpFieldsViewController.swift */; };
		84EF313328CBD01D0086356E /* TFInputField.swift in Sources */ = {isa = PBXBuildFile; fileRef = 84EF313228CBD01D0086356E /* TFInputField.swift */; };
		84FF06B225A1527600378690 /* SearchResults.swift in Sources */ = {isa = PBXBuildFile; fileRef = 84FF06B125A1527600378690 /* SearchResults.swift */; };
		84FF06B725A1546E00378690 /* SearchNavigationController.swift in Sources */ = {isa = PBXBuildFile; fileRef = 84FF06B625A1546E00378690 /* SearchNavigationController.swift */; };
/* End PBXBuildFile section */

/* Begin PBXContainerItemProxy section */
		84993AF92592A0E700EFD094 /* PBXContainerItemProxy */ = {
			isa = PBXContainerItemProxy;
			containerPortal = 84993ADA2592A0E600EFD094 /* Project object */;
			proxyType = 1;
			remoteGlobalIDString = 84993AE12592A0E600EFD094;
			remoteInfo = MovieCollector;
		};
		84993B042592A0E700EFD094 /* PBXContainerItemProxy */ = {
			isa = PBXContainerItemProxy;
			containerPortal = 84993ADA2592A0E600EFD094 /* Project object */;
			proxyType = 1;
			remoteGlobalIDString = 84993AE12592A0E600EFD094;
			remoteInfo = MovieCollector;
		};
/* End PBXContainerItemProxy section */

/* Begin PBXFileReference section */
		2F1052BB26ED512F00E8A74E /* ProfileNavigationController.swift */ = {isa = PBXFileReference; fileEncoding = 4; lastKnownFileType = sourcecode.swift; path = ProfileNavigationController.swift; sourceTree = "<group>"; };
		841DF34B28D3A69A00AFB6F2 /* UIFont_.swift */ = {isa = PBXFileReference; lastKnownFileType = sourcecode.swift; name = UIFont_.swift; path = MovieCollector/Helpers/UIFont_.swift; sourceTree = SOURCE_ROOT; };
		8422FCA7259F16CF00B3AE1F /* Cache.swift */ = {isa = PBXFileReference; fileEncoding = 4; lastKnownFileType = sourcecode.swift; path = Cache.swift; sourceTree = "<group>"; };
		844609C725943B2A00297198 /* FeaturedMovieView.swift */ = {isa = PBXFileReference; lastKnownFileType = sourcecode.swift; name = FeaturedMovieView.swift; path = MovieCollector/Views/FeaturedMovieView.swift; sourceTree = SOURCE_ROOT; };
		8450052E2593D43700ABEFA7 /* NowPlayingMovies.swift */ = {isa = PBXFileReference; lastKnownFileType = sourcecode.swift; path = NowPlayingMovies.swift; sourceTree = "<group>"; };
		845005332593DB2000ABEFA7 /* UpcomingMovies.swift */ = {isa = PBXFileReference; lastKnownFileType = sourcecode.swift; path = UpcomingMovies.swift; sourceTree = "<group>"; };
		845BB6CC259854AC00BE84A9 /* Credits.swift */ = {isa = PBXFileReference; lastKnownFileType = sourcecode.swift; path = Credits.swift; sourceTree = "<group>"; };
		845BB6D1259854B800BE84A9 /* Cast.swift */ = {isa = PBXFileReference; lastKnownFileType = sourcecode.swift; path = Cast.swift; sourceTree = "<group>"; };
		846749F925933F0700C15CDE /* Color+.swift */ = {isa = PBXFileReference; lastKnownFileType = sourcecode.swift; path = "Color+.swift"; sourceTree = "<group>"; };
		847209F12599939600A32017 /* MovieDetailViewController.swift */ = {isa = PBXFileReference; lastKnownFileType = sourcecode.swift; path = MovieDetailViewController.swift; sourceTree = "<group>"; };
		847209F92599A0D500A32017 /* BrowseNavigationController.swift */ = {isa = PBXFileReference; lastKnownFileType = sourcecode.swift; path = BrowseNavigationController.swift; sourceTree = "<group>"; };
		847D7D8628D1831E00A53563 /* UIViewController+.swift */ = {isa = PBXFileReference; lastKnownFileType = sourcecode.swift; path = "UIViewController+.swift"; sourceTree = "<group>"; };
		847D7D8928D2402400A53563 /* Profile.swift */ = {isa = PBXFileReference; lastKnownFileType = sourcecode.swift; path = Profile.swift; sourceTree = "<group>"; };
		848AD1C4259303D20082FED5 /* PosterIconView.swift */ = {isa = PBXFileReference; lastKnownFileType = sourcecode.swift; path = PosterIconView.swift; sourceTree = "<group>"; };
		848AD1CD25932BA00082FED5 /* PosterIconCollectionView.swift */ = {isa = PBXFileReference; lastKnownFileType = sourcecode.swift; path = PosterIconCollectionView.swift; sourceTree = "<group>"; };
		84993AE22592A0E600EFD094 /* MovieCollector.app */ = {isa = PBXFileReference; explicitFileType = wrapper.application; includeInIndex = 0; path = MovieCollector.app; sourceTree = BUILT_PRODUCTS_DIR; };
		84993AE52592A0E600EFD094 /* AppDelegate.swift */ = {isa = PBXFileReference; lastKnownFileType = sourcecode.swift; path = AppDelegate.swift; sourceTree = "<group>"; };
		84993AE72592A0E600EFD094 /* SceneDelegate.swift */ = {isa = PBXFileReference; lastKnownFileType = sourcecode.swift; path = SceneDelegate.swift; sourceTree = "<group>"; };
		84993AE92592A0E600EFD094 /* BrowseViewController.swift */ = {isa = PBXFileReference; lastKnownFileType = sourcecode.swift; path = BrowseViewController.swift; sourceTree = "<group>"; };
		84993AEE2592A0E700EFD094 /* Assets.xcassets */ = {isa = PBXFileReference; lastKnownFileType = folder.assetcatalog; path = Assets.xcassets; sourceTree = "<group>"; };
		84993AF12592A0E700EFD094 /* Base */ = {isa = PBXFileReference; lastKnownFileType = file.storyboard; name = Base; path = Base.lproj/LaunchScreen.storyboard; sourceTree = "<group>"; };
		84993AF32592A0E700EFD094 /* Info.plist */ = {isa = PBXFileReference; lastKnownFileType = text.plist.xml; path = Info.plist; sourceTree = "<group>"; };
		84993AF82592A0E700EFD094 /* MovieCollectorTests.xctest */ = {isa = PBXFileReference; explicitFileType = wrapper.cfbundle; includeInIndex = 0; path = MovieCollectorTests.xctest; sourceTree = BUILT_PRODUCTS_DIR; };
		84993AFC2592A0E700EFD094 /* MovieCollectorTests.swift */ = {isa = PBXFileReference; lastKnownFileType = sourcecode.swift; path = MovieCollectorTests.swift; sourceTree = "<group>"; };
		84993AFE2592A0E700EFD094 /* Info.plist */ = {isa = PBXFileReference; lastKnownFileType = text.plist.xml; path = Info.plist; sourceTree = "<group>"; };
		84993B032592A0E700EFD094 /* MovieCollectorUITests.xctest */ = {isa = PBXFileReference; explicitFileType = wrapper.cfbundle; includeInIndex = 0; path = MovieCollectorUITests.xctest; sourceTree = BUILT_PRODUCTS_DIR; };
		84993B072592A0E700EFD094 /* MovieCollectorUITests.swift */ = {isa = PBXFileReference; lastKnownFileType = sourcecode.swift; path = MovieCollectorUITests.swift; sourceTree = "<group>"; };
		84993B092592A0E700EFD094 /* Info.plist */ = {isa = PBXFileReference; lastKnownFileType = text.plist.xml; path = Info.plist; sourceTree = "<group>"; };
		84993B1B2592A1EF00EFD094 /* TabBarViewController.swift */ = {isa = PBXFileReference; lastKnownFileType = sourcecode.swift; path = TabBarViewController.swift; sourceTree = "<group>"; };
		84993B232592A39800EFD094 /* SearchViewController.swift */ = {isa = PBXFileReference; lastKnownFileType = sourcecode.swift; path = SearchViewController.swift; sourceTree = "<group>"; };
		84993B282592A3A700EFD094 /* ProfileViewController.swift */ = {isa = PBXFileReference; lastKnownFileType = sourcecode.swift; path = ProfileViewController.swift; sourceTree = "<group>"; };
		84993B322592A89F00EFD094 /* Secrets.swift */ = {isa = PBXFileReference; lastKnownFileType = sourcecode.swift; path = Secrets.swift; sourceTree = "<group>"; };
		84993B372592AAF000EFD094 /* APIConnect.swift */ = {isa = PBXFileReference; fileEncoding = 4; lastKnownFileType = sourcecode.swift; path = APIConnect.swift; sourceTree = "<group>"; };
		84993B3F2592B09A00EFD094 /* Movie.swift */ = {isa = PBXFileReference; lastKnownFileType = sourcecode.swift; path = Movie.swift; sourceTree = "<group>"; };
		84993B442592B09F00EFD094 /* PopularMovieResults.swift */ = {isa = PBXFileReference; lastKnownFileType = sourcecode.swift; path = PopularMovieResults.swift; sourceTree = "<group>"; };
		84993B532592B34900EFD094 /* JSDecoder+.swift */ = {isa = PBXFileReference; lastKnownFileType = sourcecode.swift; path = "JSDecoder+.swift"; sourceTree = "<group>"; };
		84AD3C8C2598576F00642DEC /* Crew.swift */ = {isa = PBXFileReference; lastKnownFileType = sourcecode.swift; path = Crew.swift; sourceTree = "<group>"; };
		84BD862C26DEA5EB00D49672 /* GoogleService-Info.plist */ = {isa = PBXFileReference; fileEncoding = 4; lastKnownFileType = text.plist.xml; path = "GoogleService-Info.plist"; sourceTree = "<group>"; };
		84DB1DB528C963160049DBBB /* LoginViewController.swift */ = {isa = PBXFileReference; lastKnownFileType = sourcecode.swift; path = LoginViewController.swift; sourceTree = "<group>"; };
		84E0683C282F79BC00350A7C /* TV.swift */ = {isa = PBXFileReference; lastKnownFileType = sourcecode.swift; path = TV.swift; sourceTree = "<group>"; };
		84E06842282F86A500350A7C /* Production.swift */ = {isa = PBXFileReference; lastKnownFileType = sourcecode.swift; path = Production.swift; sourceTree = "<group>"; };
		84E2E1B9259C4A4C00441A1E /* MoreDetailTextViewController.swift */ = {isa = PBXFileReference; lastKnownFileType = sourcecode.swift; path = MoreDetailTextViewController.swift; sourceTree = "<group>"; };
		84EF312E28CBA5FE0086356E /* SignUpFlowNavController.swift */ = {isa = PBXFileReference; lastKnownFileType = sourcecode.swift; path = SignUpFlowNavController.swift; sourceTree = "<group>"; };
		84EF313028CBCF620086356E /* SignUpFieldsViewController.swift */ = {isa = PBXFileReference; lastKnownFileType = sourcecode.swift; path = SignUpFieldsViewController.swift; sourceTree = "<group>"; };
		84EF313228CBD01D0086356E /* TFInputField.swift */ = {isa = PBXFileReference; lastKnownFileType = sourcecode.swift; name = TFInputField.swift; path = MovieCollector/Views/TFInputField.swift; sourceTree = SOURCE_ROOT; };
		84FF06B125A1527600378690 /* SearchResults.swift */ = {isa = PBXFileReference; lastKnownFileType = sourcecode.swift; path = SearchResults.swift; sourceTree = "<group>"; };
		84FF06B625A1546E00378690 /* SearchNavigationController.swift */ = {isa = PBXFileReference; lastKnownFileType = sourcecode.swift; path = SearchNavigationController.swift; sourceTree = "<group>"; };
/* End PBXFileReference section */

/* Begin PBXFrameworksBuildPhase section */
		84993ADF2592A0E600EFD094 /* Frameworks */ = {
			isa = PBXFrameworksBuildPhase;
			buildActionMask = 2147483647;
			files = (
				848AD1C02593014A0082FED5 /* Nuke in Frameworks */,
				84BD863226E3652400D49672 /* FirebaseAuth in Frameworks */,
				84BD863426E3652400D49672 /* FirebaseDatabase in Frameworks */,
				84BD863626E3652400D49672 /* FirebaseFirestore in Frameworks */,
				8422FCA0259EA7FA00B3AE1F /* Cache in Frameworks */,
			);
			runOnlyForDeploymentPostprocessing = 0;
		};
		84993AF52592A0E700EFD094 /* Frameworks */ = {
			isa = PBXFrameworksBuildPhase;
			buildActionMask = 2147483647;
			files = (
			);
			runOnlyForDeploymentPostprocessing = 0;
		};
		84993B002592A0E700EFD094 /* Frameworks */ = {
			isa = PBXFrameworksBuildPhase;
			buildActionMask = 2147483647;
			files = (
			);
			runOnlyForDeploymentPostprocessing = 0;
		};
/* End PBXFrameworksBuildPhase section */

/* Begin PBXGroup section */
		847D7D8828D1C56C00A53563 /* Nav Holders */ = {
			isa = PBXGroup;
			children = (
				84993B1B2592A1EF00EFD094 /* TabBarViewController.swift */,
				84EF312E28CBA5FE0086356E /* SignUpFlowNavController.swift */,
				847209F92599A0D500A32017 /* BrowseNavigationController.swift */,
				84FF06B625A1546E00378690 /* SearchNavigationController.swift */,
				2F1052BB26ED512F00E8A74E /* ProfileNavigationController.swift */,
			);
			path = "Nav Holders";
			sourceTree = "<group>";
		};
		848AD1C9259303EB0082FED5 /* Views */ = {
			isa = PBXGroup;
			children = (
				84EF313228CBD01D0086356E /* TFInputField.swift */,
				844609C725943B2A00297198 /* FeaturedMovieView.swift */,
				848AD1CD25932BA00082FED5 /* PosterIconCollectionView.swift */,
				848AD1C4259303D20082FED5 /* PosterIconView.swift */,
			);
			path = Views;
			sourceTree = "<group>";
		};
		84993AD92592A0E600EFD094 = {
			isa = PBXGroup;
			children = (
				84993AE42592A0E600EFD094 /* MovieCollector */,
				84993AFB2592A0E700EFD094 /* MovieCollectorTests */,
				84993B062592A0E700EFD094 /* MovieCollectorUITests */,
				84993AE32592A0E600EFD094 /* Products */,
			);
			sourceTree = "<group>";
		};
		84993AE32592A0E600EFD094 /* Products */ = {
			isa = PBXGroup;
			children = (
				84993AE22592A0E600EFD094 /* MovieCollector.app */,
				84993AF82592A0E700EFD094 /* MovieCollectorTests.xctest */,
				84993B032592A0E700EFD094 /* MovieCollectorUITests.xctest */,
			);
			name = Products;
			sourceTree = "<group>";
		};
		84993AE42592A0E600EFD094 /* MovieCollector */ = {
			isa = PBXGroup;
			children = (
				84993B372592AAF000EFD094 /* APIConnect.swift */,
				8422FCA7259F16CF00B3AE1F /* Cache.swift */,
				84993B582592B35C00EFD094 /* Helpers */,
				84993B492592B0A400EFD094 /* Models */,
				84993B322592A89F00EFD094 /* Secrets.swift */,
				84993B2E2592A86000EFD094 /* Lauch Files */,
				84993B2D2592A85600EFD094 /* ViewControllers */,
				848AD1C9259303EB0082FED5 /* Views */,
				84993AEE2592A0E700EFD094 /* Assets.xcassets */,
				84993AF32592A0E700EFD094 /* Info.plist */,
				84BD862C26DEA5EB00D49672 /* GoogleService-Info.plist */,
			);
			path = MovieCollector;
			sourceTree = "<group>";
		};
		84993AFB2592A0E700EFD094 /* MovieCollectorTests */ = {
			isa = PBXGroup;
			children = (
				84993AFC2592A0E700EFD094 /* MovieCollectorTests.swift */,
				84993AFE2592A0E700EFD094 /* Info.plist */,
			);
			path = MovieCollectorTests;
			sourceTree = "<group>";
		};
		84993B062592A0E700EFD094 /* MovieCollectorUITests */ = {
			isa = PBXGroup;
			children = (
				84993B072592A0E700EFD094 /* MovieCollectorUITests.swift */,
				84993B092592A0E700EFD094 /* Info.plist */,
			);
			path = MovieCollectorUITests;
			sourceTree = "<group>";
		};
		84993B2D2592A85600EFD094 /* ViewControllers */ = {
			isa = PBXGroup;
			children = (
				84993AE92592A0E600EFD094 /* BrowseViewController.swift */,
				84DB1DB528C963160049DBBB /* LoginViewController.swift */,
				841DF34B28D3A69A00AFB6F2 /* UIFont_.swift */,
				84EF313028CBCF620086356E /* SignUpFieldsViewController.swift */,
				847209F12599939600A32017 /* MovieDetailViewController.swift */,
				84E2E1B9259C4A4C00441A1E /* MoreDetailTextViewController.swift */,
				84993B282592A3A700EFD094 /* ProfileViewController.swift */,
				84993B232592A39800EFD094 /* SearchViewController.swift */,
				847D7D8828D1C56C00A53563 /* Nav Holders */,
			);
			path = ViewControllers;
			sourceTree = "<group>";
		};
		84993B2E2592A86000EFD094 /* Lauch Files */ = {
			isa = PBXGroup;
			children = (
				84993AE52592A0E600EFD094 /* AppDelegate.swift */,
				84993AE72592A0E600EFD094 /* SceneDelegate.swift */,
				84993AF02592A0E700EFD094 /* LaunchScreen.storyboard */,
			);
			path = "Lauch Files";
			sourceTree = "<group>";
		};
		84993B492592B0A400EFD094 /* Models */ = {
			isa = PBXGroup;
			children = (
				845BB6D1259854B800BE84A9 /* Cast.swift */,
				84AD3C8C2598576F00642DEC /* Crew.swift */,
				845BB6CC259854AC00BE84A9 /* Credits.swift */,
				84993B3F2592B09A00EFD094 /* Movie.swift */,
				84E0683C282F79BC00350A7C /* TV.swift */,
				84E06842282F86A500350A7C /* Production.swift */,
				84FF06B125A1527600378690 /* SearchResults.swift */,
				84993B442592B09F00EFD094 /* PopularMovieResults.swift */,
				8450052E2593D43700ABEFA7 /* NowPlayingMovies.swift */,
				845005332593DB2000ABEFA7 /* UpcomingMovies.swift */,
				847D7D8928D2402400A53563 /* Profile.swift */,
			);
			path = Models;
			sourceTree = "<group>";
		};
		84993B582592B35C00EFD094 /* Helpers */ = {
			isa = PBXGroup;
			children = (
				84993B532592B34900EFD094 /* JSDecoder+.swift */,
				846749F925933F0700C15CDE /* Color+.swift */,
				847D7D8628D1831E00A53563 /* UIViewController+.swift */,
			);
			path = Helpers;
			sourceTree = "<group>";
		};
/* End PBXGroup section */

/* Begin PBXNativeTarget section */
		84993AE12592A0E600EFD094 /* MovieCollector */ = {
			isa = PBXNativeTarget;
			buildConfigurationList = 84993B0C2592A0E700EFD094 /* Build configuration list for PBXNativeTarget "MovieCollector" */;
			buildPhases = (
				84993ADE2592A0E600EFD094 /* Sources */,
				84993ADF2592A0E600EFD094 /* Frameworks */,
				84993AE02592A0E600EFD094 /* Resources */,
			);
			buildRules = (
			);
			dependencies = (
			);
			name = MovieCollector;
			packageProductDependencies = (
				848AD1BF2593014A0082FED5 /* Nuke */,
				8422FC9F259EA7FA00B3AE1F /* Cache */,
				84BD863126E3652400D49672 /* FirebaseAuth */,
				84BD863326E3652400D49672 /* FirebaseDatabase */,
				84BD863526E3652400D49672 /* FirebaseFirestore */,
			);
			productName = MovieCollector;
			productReference = 84993AE22592A0E600EFD094 /* MovieCollector.app */;
			productType = "com.apple.product-type.application";
		};
		84993AF72592A0E700EFD094 /* MovieCollectorTests */ = {
			isa = PBXNativeTarget;
			buildConfigurationList = 84993B0F2592A0E700EFD094 /* Build configuration list for PBXNativeTarget "MovieCollectorTests" */;
			buildPhases = (
				84993AF42592A0E700EFD094 /* Sources */,
				84993AF52592A0E700EFD094 /* Frameworks */,
				84993AF62592A0E700EFD094 /* Resources */,
			);
			buildRules = (
			);
			dependencies = (
				84993AFA2592A0E700EFD094 /* PBXTargetDependency */,
			);
			name = MovieCollectorTests;
			productName = MovieCollectorTests;
			productReference = 84993AF82592A0E700EFD094 /* MovieCollectorTests.xctest */;
			productType = "com.apple.product-type.bundle.unit-test";
		};
		84993B022592A0E700EFD094 /* MovieCollectorUITests */ = {
			isa = PBXNativeTarget;
			buildConfigurationList = 84993B122592A0E700EFD094 /* Build configuration list for PBXNativeTarget "MovieCollectorUITests" */;
			buildPhases = (
				84993AFF2592A0E700EFD094 /* Sources */,
				84993B002592A0E700EFD094 /* Frameworks */,
				84993B012592A0E700EFD094 /* Resources */,
			);
			buildRules = (
			);
			dependencies = (
				84993B052592A0E700EFD094 /* PBXTargetDependency */,
			);
			name = MovieCollectorUITests;
			productName = MovieCollectorUITests;
			productReference = 84993B032592A0E700EFD094 /* MovieCollectorUITests.xctest */;
			productType = "com.apple.product-type.bundle.ui-testing";
		};
/* End PBXNativeTarget section */

/* Begin PBXProject section */
		84993ADA2592A0E600EFD094 /* Project object */ = {
			isa = PBXProject;
			attributes = {
				LastSwiftUpdateCheck = 1230;
				LastUpgradeCheck = 1230;
				TargetAttributes = {
					84993AE12592A0E600EFD094 = {
						CreatedOnToolsVersion = 12.3;
					};
					84993AF72592A0E700EFD094 = {
						CreatedOnToolsVersion = 12.3;
						TestTargetID = 84993AE12592A0E600EFD094;
					};
					84993B022592A0E700EFD094 = {
						CreatedOnToolsVersion = 12.3;
						TestTargetID = 84993AE12592A0E600EFD094;
					};
				};
			};
			buildConfigurationList = 84993ADD2592A0E600EFD094 /* Build configuration list for PBXProject "MovieCollector" */;
			compatibilityVersion = "Xcode 9.3";
			developmentRegion = en;
			hasScannedForEncodings = 0;
			knownRegions = (
				en,
				Base,
			);
			mainGroup = 84993AD92592A0E600EFD094;
			packageReferences = (
				848AD1BE2593014A0082FED5 /* XCRemoteSwiftPackageReference "Nuke" */,
				8422FC9E259EA7FA00B3AE1F /* XCRemoteSwiftPackageReference "Cache" */,
				84BD863026E3652400D49672 /* XCRemoteSwiftPackageReference "firebase-ios-sdk" */,
			);
			productRefGroup = 84993AE32592A0E600EFD094 /* Products */;
			projectDirPath = "";
			projectRoot = "";
			targets = (
				84993AE12592A0E600EFD094 /* MovieCollector */,
				84993AF72592A0E700EFD094 /* MovieCollectorTests */,
				84993B022592A0E700EFD094 /* MovieCollectorUITests */,
			);
		};
/* End PBXProject section */

/* Begin PBXResourcesBuildPhase section */
		84993AE02592A0E600EFD094 /* Resources */ = {
			isa = PBXResourcesBuildPhase;
			buildActionMask = 2147483647;
			files = (
				84993AF22592A0E700EFD094 /* LaunchScreen.storyboard in Resources */,
				84993AEF2592A0E700EFD094 /* Assets.xcassets in Resources */,
				84BD862D26DEA5EB00D49672 /* GoogleService-Info.plist in Resources */,
			);
			runOnlyForDeploymentPostprocessing = 0;
		};
		84993AF62592A0E700EFD094 /* Resources */ = {
			isa = PBXResourcesBuildPhase;
			buildActionMask = 2147483647;
			files = (
			);
			runOnlyForDeploymentPostprocessing = 0;
		};
		84993B012592A0E700EFD094 /* Resources */ = {
			isa = PBXResourcesBuildPhase;
			buildActionMask = 2147483647;
			files = (
			);
			runOnlyForDeploymentPostprocessing = 0;
		};
/* End PBXResourcesBuildPhase section */

/* Begin PBXSourcesBuildPhase section */
		84993ADE2592A0E600EFD094 /* Sources */ = {
			isa = PBXSourcesBuildPhase;
			buildActionMask = 2147483647;
			files = (
				848AD1C5259303D20082FED5 /* PosterIconView.swift in Sources */,
				84E2E1BA259C4A4C00441A1E /* MoreDetailTextViewController.swift in Sources */,
				84FF06B225A1527600378690 /* SearchResults.swift in Sources */,
				84993B292592A3A700EFD094 /* ProfileViewController.swift in Sources */,
				84993B452592B09F00EFD094 /* PopularMovieResults.swift in Sources */,
				84993B242592A39800EFD094 /* SearchViewController.swift in Sources */,
				84E0683D282F79BC00350A7C /* TV.swift in Sources */,
				847209F22599939600A32017 /* MovieDetailViewController.swift in Sources */,
				845005342593DB2000ABEFA7 /* UpcomingMovies.swift in Sources */,
				847209FA2599A0D500A32017 /* BrowseNavigationController.swift in Sources */,
				848AD1CE25932BA00082FED5 /* PosterIconCollectionView.swift in Sources */,
				84FF06B725A1546E00378690 /* SearchNavigationController.swift in Sources */,
				8450052F2593D43700ABEFA7 /* NowPlayingMovies.swift in Sources */,
				84DB1DB628C963160049DBBB /* LoginViewController.swift in Sources */,
				847D7D8728D1831E00A53563 /* UIViewController+.swift in Sources */,
				8422FCA8259F16CF00B3AE1F /* Cache.swift in Sources */,
				84EF312F28CBA5FE0086356E /* SignUpFlowNavController.swift in Sources */,
				84993B402592B09A00EFD094 /* Movie.swift in Sources */,
				84993B332592A89F00EFD094 /* Secrets.swift in Sources */,
				2F1052BC26ED512F00E8A74E /* ProfileNavigationController.swift in Sources */,
				84E06843282F86A500350A7C /* Production.swift in Sources */,
				84993B1C2592A1EF00EFD094 /* TabBarViewController.swift in Sources */,
				84993AEA2592A0E600EFD094 /* BrowseViewController.swift in Sources */,
				84993AE62592A0E600EFD094 /* AppDelegate.swift in Sources */,
				84993B542592B34900EFD094 /* JSDecoder+.swift in Sources */,
				84EF313328CBD01D0086356E /* TFInputField.swift in Sources */,
				84993AE82592A0E600EFD094 /* SceneDelegate.swift in Sources */,
				84AD3C8D2598576F00642DEC /* Crew.swift in Sources */,
				841DF34C28D3A69A00AFB6F2 /* UIFont_.swift in Sources */,
				845BB6D2259854B800BE84A9 /* Cast.swift in Sources */,
				84EF313128CBCF620086356E /* SignUpFieldsViewController.swift in Sources */,
				84993B382592AAF000EFD094 /* APIConnect.swift in Sources */,
				847D7D8A28D2402400A53563 /* Profile.swift in Sources */,
				846749FA25933F0700C15CDE /* Color+.swift in Sources */,
				845BB6CD259854AC00BE84A9 /* Credits.swift in Sources */,
				844609C825943B2A00297198 /* FeaturedMovieView.swift in Sources */,
			);
			runOnlyForDeploymentPostprocessing = 0;
		};
		84993AF42592A0E700EFD094 /* Sources */ = {
			isa = PBXSourcesBuildPhase;
			buildActionMask = 2147483647;
			files = (
				84993AFD2592A0E700EFD094 /* MovieCollectorTests.swift in Sources */,
			);
			runOnlyForDeploymentPostprocessing = 0;
		};
		84993AFF2592A0E700EFD094 /* Sources */ = {
			isa = PBXSourcesBuildPhase;
			buildActionMask = 2147483647;
			files = (
				84993B082592A0E700EFD094 /* MovieCollectorUITests.swift in Sources */,
			);
			runOnlyForDeploymentPostprocessing = 0;
		};
/* End PBXSourcesBuildPhase section */

/* Begin PBXTargetDependency section */
		84993AFA2592A0E700EFD094 /* PBXTargetDependency */ = {
			isa = PBXTargetDependency;
			target = 84993AE12592A0E600EFD094 /* MovieCollector */;
			targetProxy = 84993AF92592A0E700EFD094 /* PBXContainerItemProxy */;
		};
		84993B052592A0E700EFD094 /* PBXTargetDependency */ = {
			isa = PBXTargetDependency;
			target = 84993AE12592A0E600EFD094 /* MovieCollector */;
			targetProxy = 84993B042592A0E700EFD094 /* PBXContainerItemProxy */;
		};
/* End PBXTargetDependency section */

/* Begin PBXVariantGroup section */
		84993AF02592A0E700EFD094 /* LaunchScreen.storyboard */ = {
			isa = PBXVariantGroup;
			children = (
				84993AF12592A0E700EFD094 /* Base */,
			);
			name = LaunchScreen.storyboard;
			sourceTree = "<group>";
		};
/* End PBXVariantGroup section */

/* Begin XCBuildConfiguration section */
		84993B0A2592A0E700EFD094 /* Debug */ = {
			isa = XCBuildConfiguration;
			buildSettings = {
				ALWAYS_SEARCH_USER_PATHS = NO;
				CLANG_ANALYZER_NONNULL = YES;
				CLANG_ANALYZER_NUMBER_OBJECT_CONVERSION = YES_AGGRESSIVE;
				CLANG_CXX_LANGUAGE_STANDARD = "gnu++14";
				CLANG_CXX_LIBRARY = "libc++";
				CLANG_ENABLE_MODULES = YES;
				CLANG_ENABLE_OBJC_ARC = YES;
				CLANG_ENABLE_OBJC_WEAK = YES;
				CLANG_WARN_BLOCK_CAPTURE_AUTORELEASING = YES;
				CLANG_WARN_BOOL_CONVERSION = YES;
				CLANG_WARN_COMMA = YES;
				CLANG_WARN_CONSTANT_CONVERSION = YES;
				CLANG_WARN_DEPRECATED_OBJC_IMPLEMENTATIONS = YES;
				CLANG_WARN_DIRECT_OBJC_ISA_USAGE = YES_ERROR;
				CLANG_WARN_DOCUMENTATION_COMMENTS = YES;
				CLANG_WARN_EMPTY_BODY = YES;
				CLANG_WARN_ENUM_CONVERSION = YES;
				CLANG_WARN_INFINITE_RECURSION = YES;
				CLANG_WARN_INT_CONVERSION = YES;
				CLANG_WARN_NON_LITERAL_NULL_CONVERSION = YES;
				CLANG_WARN_OBJC_IMPLICIT_RETAIN_SELF = YES;
				CLANG_WARN_OBJC_LITERAL_CONVERSION = YES;
				CLANG_WARN_OBJC_ROOT_CLASS = YES_ERROR;
				CLANG_WARN_QUOTED_INCLUDE_IN_FRAMEWORK_HEADER = YES;
				CLANG_WARN_RANGE_LOOP_ANALYSIS = YES;
				CLANG_WARN_STRICT_PROTOTYPES = YES;
				CLANG_WARN_SUSPICIOUS_MOVE = YES;
				CLANG_WARN_UNGUARDED_AVAILABILITY = YES_AGGRESSIVE;
				CLANG_WARN_UNREACHABLE_CODE = YES;
				CLANG_WARN__DUPLICATE_METHOD_MATCH = YES;
				COPY_PHASE_STRIP = NO;
				DEBUG_INFORMATION_FORMAT = dwarf;
				ENABLE_STRICT_OBJC_MSGSEND = YES;
				ENABLE_TESTABILITY = YES;
				GCC_C_LANGUAGE_STANDARD = gnu11;
				GCC_DYNAMIC_NO_PIC = NO;
				GCC_NO_COMMON_BLOCKS = YES;
				GCC_OPTIMIZATION_LEVEL = 0;
				GCC_PREPROCESSOR_DEFINITIONS = (
					"DEBUG=1",
					"$(inherited)",
				);
				GCC_WARN_64_TO_32_BIT_CONVERSION = YES;
				GCC_WARN_ABOUT_RETURN_TYPE = YES_ERROR;
				GCC_WARN_UNDECLARED_SELECTOR = YES;
				GCC_WARN_UNINITIALIZED_AUTOS = YES_AGGRESSIVE;
				GCC_WARN_UNUSED_FUNCTION = YES;
				GCC_WARN_UNUSED_VARIABLE = YES;
				IPHONEOS_DEPLOYMENT_TARGET = 14.3;
				MTL_ENABLE_DEBUG_INFO = INCLUDE_SOURCE;
				MTL_FAST_MATH = YES;
				ONLY_ACTIVE_ARCH = YES;
				SDKROOT = iphoneos;
				SWIFT_ACTIVE_COMPILATION_CONDITIONS = DEBUG;
				SWIFT_OPTIMIZATION_LEVEL = "-Onone";
			};
			name = Debug;
		};
		84993B0B2592A0E700EFD094 /* Release */ = {
			isa = XCBuildConfiguration;
			buildSettings = {
				ALWAYS_SEARCH_USER_PATHS = NO;
				CLANG_ANALYZER_NONNULL = YES;
				CLANG_ANALYZER_NUMBER_OBJECT_CONVERSION = YES_AGGRESSIVE;
				CLANG_CXX_LANGUAGE_STANDARD = "gnu++14";
				CLANG_CXX_LIBRARY = "libc++";
				CLANG_ENABLE_MODULES = YES;
				CLANG_ENABLE_OBJC_ARC = YES;
				CLANG_ENABLE_OBJC_WEAK = YES;
				CLANG_WARN_BLOCK_CAPTURE_AUTORELEASING = YES;
				CLANG_WARN_BOOL_CONVERSION = YES;
				CLANG_WARN_COMMA = YES;
				CLANG_WARN_CONSTANT_CONVERSION = YES;
				CLANG_WARN_DEPRECATED_OBJC_IMPLEMENTATIONS = YES;
				CLANG_WARN_DIRECT_OBJC_ISA_USAGE = YES_ERROR;
				CLANG_WARN_DOCUMENTATION_COMMENTS = YES;
				CLANG_WARN_EMPTY_BODY = YES;
				CLANG_WARN_ENUM_CONVERSION = YES;
				CLANG_WARN_INFINITE_RECURSION = YES;
				CLANG_WARN_INT_CONVERSION = YES;
				CLANG_WARN_NON_LITERAL_NULL_CONVERSION = YES;
				CLANG_WARN_OBJC_IMPLICIT_RETAIN_SELF = YES;
				CLANG_WARN_OBJC_LITERAL_CONVERSION = YES;
				CLANG_WARN_OBJC_ROOT_CLASS = YES_ERROR;
				CLANG_WARN_QUOTED_INCLUDE_IN_FRAMEWORK_HEADER = YES;
				CLANG_WARN_RANGE_LOOP_ANALYSIS = YES;
				CLANG_WARN_STRICT_PROTOTYPES = YES;
				CLANG_WARN_SUSPICIOUS_MOVE = YES;
				CLANG_WARN_UNGUARDED_AVAILABILITY = YES_AGGRESSIVE;
				CLANG_WARN_UNREACHABLE_CODE = YES;
				CLANG_WARN__DUPLICATE_METHOD_MATCH = YES;
				COPY_PHASE_STRIP = NO;
				DEBUG_INFORMATION_FORMAT = "dwarf-with-dsym";
				ENABLE_NS_ASSERTIONS = NO;
				ENABLE_STRICT_OBJC_MSGSEND = YES;
				GCC_C_LANGUAGE_STANDARD = gnu11;
				GCC_NO_COMMON_BLOCKS = YES;
				GCC_WARN_64_TO_32_BIT_CONVERSION = YES;
				GCC_WARN_ABOUT_RETURN_TYPE = YES_ERROR;
				GCC_WARN_UNDECLARED_SELECTOR = YES;
				GCC_WARN_UNINITIALIZED_AUTOS = YES_AGGRESSIVE;
				GCC_WARN_UNUSED_FUNCTION = YES;
				GCC_WARN_UNUSED_VARIABLE = YES;
				IPHONEOS_DEPLOYMENT_TARGET = 14.3;
				MTL_ENABLE_DEBUG_INFO = NO;
				MTL_FAST_MATH = YES;
				SDKROOT = iphoneos;
				SWIFT_COMPILATION_MODE = wholemodule;
				SWIFT_OPTIMIZATION_LEVEL = "-O";
				VALIDATE_PRODUCT = YES;
			};
			name = Release;
		};
		84993B0D2592A0E700EFD094 /* Debug */ = {
			isa = XCBuildConfiguration;
			buildSettings = {
				ASSETCATALOG_COMPILER_APPICON_NAME = AppIcon;
				ASSETCATALOG_COMPILER_GLOBAL_ACCENT_COLOR_NAME = AccentColor;
				CODE_SIGN_STYLE = Automatic;
				DEVELOPMENT_TEAM = S228NG5K95;
				INFOPLIST_FILE = MovieCollector/Info.plist;
				IPHONEOS_DEPLOYMENT_TARGET = 15.0;
				LD_RUNPATH_SEARCH_PATHS = (
					"$(inherited)",
					"@executable_path/Frameworks",
				);
				PRODUCT_BUNDLE_IDENTIFIER = com.tylerflowers.MovieCollector;
				PRODUCT_NAME = "$(TARGET_NAME)";
				SWIFT_VERSION = 5.0;
				TARGETED_DEVICE_FAMILY = 1;
			};
			name = Debug;
		};
		84993B0E2592A0E700EFD094 /* Release */ = {
			isa = XCBuildConfiguration;
			buildSettings = {
				ASSETCATALOG_COMPILER_APPICON_NAME = AppIcon;
				ASSETCATALOG_COMPILER_GLOBAL_ACCENT_COLOR_NAME = AccentColor;
				CODE_SIGN_STYLE = Automatic;
				DEVELOPMENT_TEAM = S228NG5K95;
				INFOPLIST_FILE = MovieCollector/Info.plist;
				IPHONEOS_DEPLOYMENT_TARGET = 15.0;
				LD_RUNPATH_SEARCH_PATHS = (
					"$(inherited)",
					"@executable_path/Frameworks",
				);
				PRODUCT_BUNDLE_IDENTIFIER = com.tylerflowers.MovieCollector;
				PRODUCT_NAME = "$(TARGET_NAME)";
				SWIFT_VERSION = 5.0;
				TARGETED_DEVICE_FAMILY = 1;
			};
			name = Release;
		};
		84993B102592A0E700EFD094 /* Debug */ = {
			isa = XCBuildConfiguration;
			buildSettings = {
				ALWAYS_EMBED_SWIFT_STANDARD_LIBRARIES = YES;
				BUNDLE_LOADER = "$(TEST_HOST)";
				CODE_SIGN_STYLE = Automatic;
				DEVELOPMENT_TEAM = S228NG5K95;
				INFOPLIST_FILE = MovieCollectorTests/Info.plist;
				IPHONEOS_DEPLOYMENT_TARGET = 14.3;
				LD_RUNPATH_SEARCH_PATHS = (
					"$(inherited)",
					"@executable_path/Frameworks",
					"@loader_path/Frameworks",
				);
				PRODUCT_BUNDLE_IDENTIFIER = com.tylerflowers.MovieCollectorTests;
				PRODUCT_NAME = "$(TARGET_NAME)";
				SWIFT_VERSION = 5.0;
				TARGETED_DEVICE_FAMILY = "1,2";
				TEST_HOST = "$(BUILT_PRODUCTS_DIR)/MovieCollector.app/MovieCollector";
			};
			name = Debug;
		};
		84993B112592A0E700EFD094 /* Release */ = {
			isa = XCBuildConfiguration;
			buildSettings = {
				ALWAYS_EMBED_SWIFT_STANDARD_LIBRARIES = YES;
				BUNDLE_LOADER = "$(TEST_HOST)";
				CODE_SIGN_STYLE = Automatic;
				DEVELOPMENT_TEAM = S228NG5K95;
				INFOPLIST_FILE = MovieCollectorTests/Info.plist;
				IPHONEOS_DEPLOYMENT_TARGET = 14.3;
				LD_RUNPATH_SEARCH_PATHS = (
					"$(inherited)",
					"@executable_path/Frameworks",
					"@loader_path/Frameworks",
				);
				PRODUCT_BUNDLE_IDENTIFIER = com.tylerflowers.MovieCollectorTests;
				PRODUCT_NAME = "$(TARGET_NAME)";
				SWIFT_VERSION = 5.0;
				TARGETED_DEVICE_FAMILY = "1,2";
				TEST_HOST = "$(BUILT_PRODUCTS_DIR)/MovieCollector.app/MovieCollector";
			};
			name = Release;
		};
		84993B132592A0E700EFD094 /* Debug */ = {
			isa = XCBuildConfiguration;
			buildSettings = {
				ALWAYS_EMBED_SWIFT_STANDARD_LIBRARIES = YES;
				CODE_SIGN_STYLE = Automatic;
				DEVELOPMENT_TEAM = S228NG5K95;
				INFOPLIST_FILE = MovieCollectorUITests/Info.plist;
				LD_RUNPATH_SEARCH_PATHS = (
					"$(inherited)",
					"@executable_path/Frameworks",
					"@loader_path/Frameworks",
				);
				PRODUCT_BUNDLE_IDENTIFIER = com.tylerflowers.MovieCollectorTests;
				PRODUCT_NAME = "$(TARGET_NAME)";
				SWIFT_VERSION = 5.0;
				TARGETED_DEVICE_FAMILY = "1,2";
				TEST_TARGET_NAME = MovieCollector;
			};
			name = Debug;
		};
		84993B142592A0E700EFD094 /* Release */ = {
			isa = XCBuildConfiguration;
			buildSettings = {
				ALWAYS_EMBED_SWIFT_STANDARD_LIBRARIES = YES;
				CODE_SIGN_STYLE = Automatic;
				DEVELOPMENT_TEAM = S228NG5K95;
				INFOPLIST_FILE = MovieCollectorUITests/Info.plist;
				LD_RUNPATH_SEARCH_PATHS = (
					"$(inherited)",
					"@executable_path/Frameworks",
					"@loader_path/Frameworks",
				);
				PRODUCT_BUNDLE_IDENTIFIER = com.tylerflowers.MovieCollectorTests;
				PRODUCT_NAME = "$(TARGET_NAME)";
				SWIFT_VERSION = 5.0;
				TARGETED_DEVICE_FAMILY = "1,2";
				TEST_TARGET_NAME = MovieCollector;
			};
			name = Release;
		};
/* End XCBuildConfiguration section */

/* Begin XCConfigurationList section */
		84993ADD2592A0E600EFD094 /* Build configuration list for PBXProject "MovieCollector" */ = {
			isa = XCConfigurationList;
			buildConfigurations = (
				84993B0A2592A0E700EFD094 /* Debug */,
				84993B0B2592A0E700EFD094 /* Release */,
			);
			defaultConfigurationIsVisible = 0;
			defaultConfigurationName = Release;
		};
		84993B0C2592A0E700EFD094 /* Build configuration list for PBXNativeTarget "MovieCollector" */ = {
			isa = XCConfigurationList;
			buildConfigurations = (
				84993B0D2592A0E700EFD094 /* Debug */,
				84993B0E2592A0E700EFD094 /* Release */,
			);
			defaultConfigurationIsVisible = 0;
			defaultConfigurationName = Release;
		};
		84993B0F2592A0E700EFD094 /* Build configuration list for PBXNativeTarget "MovieCollectorTests" */ = {
			isa = XCConfigurationList;
			buildConfigurations = (
				84993B102592A0E700EFD094 /* Debug */,
				84993B112592A0E700EFD094 /* Release */,
			);
			defaultConfigurationIsVisible = 0;
			defaultConfigurationName = Release;
		};
		84993B122592A0E700EFD094 /* Build configuration list for PBXNativeTarget "MovieCollectorUITests" */ = {
			isa = XCConfigurationList;
			buildConfigurations = (
				84993B132592A0E700EFD094 /* Debug */,
				84993B142592A0E700EFD094 /* Release */,
			);
			defaultConfigurationIsVisible = 0;
			defaultConfigurationName = Release;
		};
/* End XCConfigurationList section */

/* Begin XCRemoteSwiftPackageReference section */
		8422FC9E259EA7FA00B3AE1F /* XCRemoteSwiftPackageReference "Cache" */ = {
			isa = XCRemoteSwiftPackageReference;
			repositoryURL = "https://github.com/hyperoslo/Cache";
			requirement = {
				kind = upToNextMajorVersion;
				minimumVersion = 6.0.0;
			};
		};
		848AD1BE2593014A0082FED5 /* XCRemoteSwiftPackageReference "Nuke" */ = {
			isa = XCRemoteSwiftPackageReference;
			repositoryURL = "https://github.com/kean/Nuke.git";
			requirement = {
				kind = upToNextMajorVersion;
				minimumVersion = 9.2.1;
			};
		};
		84BD863026E3652400D49672 /* XCRemoteSwiftPackageReference "firebase-ios-sdk" */ = {
			isa = XCRemoteSwiftPackageReference;
			repositoryURL = "https://github.com/firebase/firebase-ios-sdk.git";
			requirement = {
				kind = upToNextMajorVersion;
				minimumVersion = 8.6.1;
			};
		};
/* End XCRemoteSwiftPackageReference section */

/* Begin XCSwiftPackageProductDependency section */
		8422FC9F259EA7FA00B3AE1F /* Cache */ = {
			isa = XCSwiftPackageProductDependency;
			package = 8422FC9E259EA7FA00B3AE1F /* XCRemoteSwiftPackageReference "Cache" */;
			productName = Cache;
		};
		848AD1BF2593014A0082FED5 /* Nuke */ = {
			isa = XCSwiftPackageProductDependency;
			package = 848AD1BE2593014A0082FED5 /* XCRemoteSwiftPackageReference "Nuke" */;
			productName = Nuke;
		};
		84BD863126E3652400D49672 /* FirebaseAuth */ = {
			isa = XCSwiftPackageProductDependency;
			package = 84BD863026E3652400D49672 /* XCRemoteSwiftPackageReference "firebase-ios-sdk" */;
			productName = FirebaseAuth;
		};
		84BD863326E3652400D49672 /* FirebaseDatabase */ = {
			isa = XCSwiftPackageProductDependency;
			package = 84BD863026E3652400D49672 /* XCRemoteSwiftPackageReference "firebase-ios-sdk" */;
			productName = FirebaseDatabase;
		};
		84BD863526E3652400D49672 /* FirebaseFirestore */ = {
			isa = XCSwiftPackageProductDependency;
			package = 84BD863026E3652400D49672 /* XCRemoteSwiftPackageReference "firebase-ios-sdk" */;
			productName = FirebaseFirestore;
		};
/* End XCSwiftPackageProductDependency section */
	};
	rootObject = 84993ADA2592A0E600EFD094 /* Project object */;
}
